DEPENDENCIES
  snowman-vm-cookbook
    git: https://github.com/sep/snowman-vm-cookbook.git
    revision: d777591e6f743f85c948d2e59801440cf9c71a20
  vcruntime-wrapper
    git: https://github.com/sep/vcruntime-wrapper.git
    revision: 631ab4886017b4d2ac9f18529903171dd3ceef94

GRAPH
  snowman-vm-cookbook (0.1.0)
    vcruntime-wrapper (~> 0.1.0)
  vcruntime (1.0.0)
  vcruntime-wrapper (0.1.0)
    vcruntime (~> 1.0.0)
